{
  "object": {
    "pins": [
      {
        "package": "VideoReels",
        "repositoryURL": "https://github.com/ksc89kim/VideoReels.git",
        "state": {
          "branch": null,
          "revision": "dceb8b124dded4cbca0efbbde033190b6dfaa47a",
          "version": "1.0.2"
        }
      }
    ]
  },
  "version": 1
}
