{
  "object": {
    "pins": [
      {
        "package": "VideoReels",
        "repositoryURL": "https://github.com/ksc89kim/VideoReels.git",
        "state": {
          "branch": null,
          "revision": "77432c68026076e589e453a5e47cfbed1c84687a",
          "version": null
        }
      }
    ]
  },
  "version": 1
}
