// !$*UTF8*$!
{
	archiveVersion = 1;
	classes = {
	};
	objectVersion = 50;
	objects = {

/* Begin PBXBuildFile section */
		A4AA83D12691902B006609D1 /* AppDelegate.swift in Sources */ = {isa = PBXBuildFile; fileRef = A4AA83D02691902B006609D1 /* AppDelegate.swift */; };
		A4AA83D32691902B006609D1 /* SceneDelegate.swift in Sources */ = {isa = PBXBuildFile; fileRef = A4AA83D22691902B006609D1 /* SceneDelegate.swift */; };
		A4AA83D52691902B006609D1 /* ViewController.swift in Sources */ = {isa = PBXBuildFile; fileRef = A4AA83D42691902B006609D1 /* ViewController.swift */; };
		A4AA83D82691902B006609D1 /* Main.storyboard in Resources */ = {isa = PBXBuildFile; fileRef = A4AA83D62691902B006609D1 /* Main.storyboard */; };
		A4AA83DA2691902D006609D1 /* Assets.xcassets in Resources */ = {isa = PBXBuildFile; fileRef = A4AA83D92691902D006609D1 /* Assets.xcassets */; };
		A4AA83DD2691902D006609D1 /* LaunchScreen.storyboard in Resources */ = {isa = PBXBuildFile; fileRef = A4AA83DB2691902D006609D1 /* LaunchScreen.storyboard */; };
		A4AA83E82691902E006609D1 /* VideoReelsTests.swift in Sources */ = {isa = PBXBuildFile; fileRef = A4AA83E72691902E006609D1 /* VideoReelsTests.swift */; };
		A4AA83F32691902E006609D1 /* VideoReelsUITests.swift in Sources */ = {isa = PBXBuildFile; fileRef = A4AA83F22691902E006609D1 /* VideoReelsUITests.swift */; };
/* End PBXBuildFile section */

/* Begin PBXContainerItemProxy section */
		A4AA83E42691902E006609D1 /* PBXContainerItemProxy */ = {
			isa = PBXContainerItemProxy;
			containerPortal = A4AA83C52691902B006609D1 /* Project object */;
			proxyType = 1;
			remoteGlobalIDString = A4AA83CC2691902B006609D1;
			remoteInfo = VideoReels;
		};
		A4AA83EF2691902E006609D1 /* PBXContainerItemProxy */ = {
			isa = PBXContainerItemProxy;
			containerPortal = A4AA83C52691902B006609D1 /* Project object */;
			proxyType = 1;
			remoteGlobalIDString = A4AA83CC2691902B006609D1;
			remoteInfo = VideoReels;
		};
/* End PBXContainerItemProxy section */

/* Begin PBXFileReference section */
		A4AA83CD2691902B006609D1 /* VideoReels.app */ = {isa = PBXFileReference; explicitFileType = wrapper.application; includeInIndex = 0; path = VideoReels.app; sourceTree = BUILT_PRODUCTS_DIR; };
		A4AA83D02691902B006609D1 /* AppDelegate.swift */ = {isa = PBXFileReference; lastKnownFileType = sourcecode.swift; path = AppDelegate.swift; sourceTree = "<group>"; };
		A4AA83D22691902B006609D1 /* SceneDelegate.swift */ = {isa = PBXFileReference; lastKnownFileType = sourcecode.swift; path = SceneDelegate.swift; sourceTree = "<group>"; };
		A4AA83D42691902B006609D1 /* ViewController.swift */ = {isa = PBXFileReference; lastKnownFileType = sourcecode.swift; path = ViewController.swift; sourceTree = "<group>"; };
		A4AA83D72691902B006609D1 /* Base */ = {isa = PBXFileReference; lastKnownFileType = file.storyboard; name = Base; path = Base.lproj/Main.storyboard; sourceTree = "<group>"; };
		A4AA83D92691902D006609D1 /* Assets.xcassets */ = {isa = PBXFileReference; lastKnownFileType = folder.assetcatalog; path = Assets.xcassets; sourceTree = "<group>"; };
		A4AA83DC2691902D006609D1 /* Base */ = {isa = PBXFileReference; lastKnownFileType = file.storyboard; name = Base; path = Base.lproj/LaunchScreen.storyboard; sourceTree = "<group>"; };
		A4AA83DE2691902D006609D1 /* Info.plist */ = {isa = PBXFileReference; lastKnownFileType = text.plist.xml; path = Info.plist; sourceTree = "<group>"; };
		A4AA83E32691902E006609D1 /* VideoReelsTests.xctest */ = {isa = PBXFileReference; explicitFileType = wrapper.cfbundle; includeInIndex = 0; path = VideoReelsTests.xctest; sourceTree = BUILT_PRODUCTS_DIR; };
		A4AA83E72691902E006609D1 /* VideoReelsTests.swift */ = {isa = PBXFileReference; lastKnownFileType = sourcecode.swift; path = VideoReelsTests.swift; sourceTree = "<group>"; };
		A4AA83E92691902E006609D1 /* Info.plist */ = {isa = PBXFileReference; lastKnownFileType = text.plist.xml; path = Info.plist; sourceTree = "<group>"; };
		A4AA83EE2691902E006609D1 /* VideoReelsUITests.xctest */ = {isa = PBXFileReference; explicitFileType = wrapper.cfbundle; includeInIndex = 0; path = VideoReelsUITests.xctest; sourceTree = BUILT_PRODUCTS_DIR; };
		A4AA83F22691902E006609D1 /* VideoReelsUITests.swift */ = {isa = PBXFileReference; lastKnownFileType = sourcecode.swift; path = VideoReelsUITests.swift; sourceTree = "<group>"; };
		A4AA83F42691902E006609D1 /* Info.plist */ = {isa = PBXFileReference; lastKnownFileType = text.plist.xml; path = Info.plist; sourceTree = "<group>"; };
/* End PBXFileReference section */

/* Begin PBXFrameworksBuildPhase section */
		A4AA83CA2691902B006609D1 /* Frameworks */ = {
			isa = PBXFrameworksBuildPhase;
			buildActionMask = 2147483647;
			files = (
			);
			runOnlyForDeploymentPostprocessing = 0;
		};
		A4AA83E02691902E006609D1 /* Frameworks */ = {
			isa = PBXFrameworksBuildPhase;
			buildActionMask = 2147483647;
			files = (
			);
			runOnlyForDeploymentPostprocessing = 0;
		};
		A4AA83EB2691902E006609D1 /* Frameworks */ = {
			isa = PBXFrameworksBuildPhase;
			buildActionMask = 2147483647;
			files = (
			);
			runOnlyForDeploymentPostprocessing = 0;
		};
/* End PBXFrameworksBuildPhase section */

/* Begin PBXGroup section */
		A4AA83C42691902B006609D1 = {
			isa = PBXGroup;
			children = (
				A4AA83CF2691902B006609D1 /* VideoReels */,
				A4AA83E62691902E006609D1 /* VideoReelsTests */,
				A4AA83F12691902E006609D1 /* VideoReelsUITests */,
				A4AA83CE2691902B006609D1 /* Products */,
			);
			sourceTree = "<group>";
		};
		A4AA83CE2691902B006609D1 /* Products */ = {
			isa = PBXGroup;
			children = (
				A4AA83CD2691902B006609D1 /* VideoReels.app */,
				A4AA83E32691902E006609D1 /* VideoReelsTests.xctest */,
				A4AA83EE2691902E006609D1 /* VideoReelsUITests.xctest */,
			);
			name = Products;
			sourceTree = "<group>";
		};
		A4AA83CF2691902B006609D1 /* VideoReels */ = {
			isa = PBXGroup;
			children = (
				A4AA83D02691902B006609D1 /* AppDelegate.swift */,
				A4AA83D22691902B006609D1 /* SceneDelegate.swift */,
				A4AA83D42691902B006609D1 /* ViewController.swift */,
				A4AA83D62691902B006609D1 /* Main.storyboard */,
				A4AA83D92691902D006609D1 /* Assets.xcassets */,
				A4AA83DB2691902D006609D1 /* LaunchScreen.storyboard */,
				A4AA83DE2691902D006609D1 /* Info.plist */,
			);
			path = VideoReels;
			sourceTree = "<group>";
		};
		A4AA83E62691902E006609D1 /* VideoReelsTests */ = {
			isa = PBXGroup;
			children = (
				A4AA83E72691902E006609D1 /* VideoReelsTests.swift */,
				A4AA83E92691902E006609D1 /* Info.plist */,
			);
			path = VideoReelsTests;
			sourceTree = "<group>";
		};
		A4AA83F12691902E006609D1 /* VideoReelsUITests */ = {
			isa = PBXGroup;
			children = (
				A4AA83F22691902E006609D1 /* VideoReelsUITests.swift */,
				A4AA83F42691902E006609D1 /* Info.plist */,
			);
			path = VideoReelsUITests;
			sourceTree = "<group>";
		};
/* End PBXGroup section */

/* Begin PBXNativeTarget section */
		A4AA83CC2691902B006609D1 /* VideoReels */ = {
			isa = PBXNativeTarget;
			buildConfigurationList = A4AA83F72691902E006609D1 /* Build configuration list for PBXNativeTarget "VideoReels" */;
			buildPhases = (
				A4AA83C92691902B006609D1 /* Sources */,
				A4AA83CA2691902B006609D1 /* Frameworks */,
				A4AA83CB2691902B006609D1 /* Resources */,
			);
			buildRules = (
			);
			dependencies = (
			);
			name = VideoReels;
			productName = VideoReels;
			productReference = A4AA83CD2691902B006609D1 /* VideoReels.app */;
			productType = "com.apple.product-type.application";
		};
		A4AA83E22691902E006609D1 /* VideoReelsTests */ = {
			isa = PBXNativeTarget;
			buildConfigurationList = A4AA83FA2691902E006609D1 /* Build configuration list for PBXNativeTarget "VideoReelsTests" */;
			buildPhases = (
				A4AA83DF2691902E006609D1 /* Sources */,
				A4AA83E02691902E006609D1 /* Frameworks */,
				A4AA83E12691902E006609D1 /* Resources */,
			);
			buildRules = (
			);
			dependencies = (
				A4AA83E52691902E006609D1 /* PBXTargetDependency */,
			);
			name = VideoReelsTests;
			productName = VideoReelsTests;
			productReference = A4AA83E32691902E006609D1 /* VideoReelsTests.xctest */;
			productType = "com.apple.product-type.bundle.unit-test";
		};
		A4AA83ED2691902E006609D1 /* VideoReelsUITests */ = {
			isa = PBXNativeTarget;
			buildConfigurationList = A4AA83FD2691902E006609D1 /* Build configuration list for PBXNativeTarget "VideoReelsUITests" */;
			buildPhases = (
				A4AA83EA2691902E006609D1 /* Sources */,
				A4AA83EB2691902E006609D1 /* Frameworks */,
				A4AA83EC2691902E006609D1 /* Resources */,
			);
			buildRules = (
			);
			dependencies = (
				A4AA83F02691902E006609D1 /* PBXTargetDependency */,
			);
			name = VideoReelsUITests;
			productName = VideoReelsUITests;
			productReference = A4AA83EE2691902E006609D1 /* VideoReelsUITests.xctest */;
			productType = "com.apple.product-type.bundle.ui-testing";
		};
/* End PBXNativeTarget section */

/* Begin PBXProject section */
		A4AA83C52691902B006609D1 /* Project object */ = {
			isa = PBXProject;
			attributes = {
				LastSwiftUpdateCheck = 1250;
				LastUpgradeCheck = 1250;
				TargetAttributes = {
					A4AA83CC2691902B006609D1 = {
						CreatedOnToolsVersion = 12.5.1;
					};
					A4AA83E22691902E006609D1 = {
						CreatedOnToolsVersion = 12.5.1;
						TestTargetID = A4AA83CC2691902B006609D1;
					};
					A4AA83ED2691902E006609D1 = {
						CreatedOnToolsVersion = 12.5.1;
						TestTargetID = A4AA83CC2691902B006609D1;
					};
				};
			};
			buildConfigurationList = A4AA83C82691902B006609D1 /* Build configuration list for PBXProject "VideoReels" */;
			compatibilityVersion = "Xcode 9.3";
			developmentRegion = en;
			hasScannedForEncodings = 0;
			knownRegions = (
				en,
				Base,
			);
			mainGroup = A4AA83C42691902B006609D1;
			productRefGroup = A4AA83CE2691902B006609D1 /* Products */;
			projectDirPath = "";
			projectRoot = "";
			targets = (
				A4AA83CC2691902B006609D1 /* VideoReels */,
				A4AA83E22691902E006609D1 /* VideoReelsTests */,
				A4AA83ED2691902E006609D1 /* VideoReelsUITests */,
			);
		};
/* End PBXProject section */

/* Begin PBXResourcesBuildPhase section */
		A4AA83CB2691902B006609D1 /* Resources */ = {
			isa = PBXResourcesBuildPhase;
			buildActionMask = 2147483647;
			files = (
				A4AA83DD2691902D006609D1 /* LaunchScreen.storyboard in Resources */,
				A4AA83DA2691902D006609D1 /* Assets.xcassets in Resources */,
				A4AA83D82691902B006609D1 /* Main.storyboard in Resources */,
			);
			runOnlyForDeploymentPostprocessing = 0;
		};
		A4AA83E12691902E006609D1 /* Resources */ = {
			isa = PBXResourcesBuildPhase;
			buildActionMask = 2147483647;
			files = (
			);
			runOnlyForDeploymentPostprocessing = 0;
		};
		A4AA83EC2691902E006609D1 /* Resources */ = {
			isa = PBXResourcesBuildPhase;
			buildActionMask = 2147483647;
			files = (
			);
			runOnlyForDeploymentPostprocessing = 0;
		};
/* End PBXResourcesBuildPhase section */

/* Begin PBXSourcesBuildPhase section */
		A4AA83C92691902B006609D1 /* Sources */ = {
			isa = PBXSourcesBuildPhase;
			buildActionMask = 2147483647;
			files = (
				A4AA83D52691902B006609D1 /* ViewController.swift in Sources */,
				A4AA83D12691902B006609D1 /* AppDelegate.swift in Sources */,
				A4AA83D32691902B006609D1 /* SceneDelegate.swift in Sources */,
			);
			runOnlyForDeploymentPostprocessing = 0;
		};
		A4AA83DF2691902E006609D1 /* Sources */ = {
			isa = PBXSourcesBuildPhase;
			buildActionMask = 2147483647;
			files = (
				A4AA83E82691902E006609D1 /* VideoReelsTests.swift in Sources */,
			);
			runOnlyForDeploymentPostprocessing = 0;
		};
		A4AA83EA2691902E006609D1 /* Sources */ = {
			isa = PBXSourcesBuildPhase;
			buildActionMask = 2147483647;
			files = (
				A4AA83F32691902E006609D1 /* VideoReelsUITests.swift in Sources */,
			);
			runOnlyForDeploymentPostprocessing = 0;
		};
/* End PBXSourcesBuildPhase section */

/* Begin PBXTargetDependency section */
		A4AA83E52691902E006609D1 /* PBXTargetDependency */ = {
			isa = PBXTargetDependency;
			target = A4AA83CC2691902B006609D1 /* VideoReels */;
			targetProxy = A4AA83E42691902E006609D1 /* PBXContainerItemProxy */;
		};
		A4AA83F02691902E006609D1 /* PBXTargetDependency */ = {
			isa = PBXTargetDependency;
			target = A4AA83CC2691902B006609D1 /* VideoReels */;
			targetProxy = A4AA83EF2691902E006609D1 /* PBXContainerItemProxy */;
		};
/* End PBXTargetDependency section */

/* Begin PBXVariantGroup section */
		A4AA83D62691902B006609D1 /* Main.storyboard */ = {
			isa = PBXVariantGroup;
			children = (
				A4AA83D72691902B006609D1 /* Base */,
			);
			name = Main.storyboard;
			sourceTree = "<group>";
		};
		A4AA83DB2691902D006609D1 /* LaunchScreen.storyboard */ = {
			isa = PBXVariantGroup;
			children = (
				A4AA83DC2691902D006609D1 /* Base */,
			);
			name = LaunchScreen.storyboard;
			sourceTree = "<group>";
		};
/* End PBXVariantGroup section */

/* Begin XCBuildConfiguration section */
		A4AA83F52691902E006609D1 /* Debug */ = {
			isa = XCBuildConfiguration;
			buildSettings = {
				ALWAYS_SEARCH_USER_PATHS = NO;
				CLANG_ANALYZER_NONNULL = YES;
				CLANG_ANALYZER_NUMBER_OBJECT_CONVERSION = YES_AGGRESSIVE;
				CLANG_CXX_LANGUAGE_STANDARD = "gnu++14";
				CLANG_CXX_LIBRARY = "libc++";
				CLANG_ENABLE_MODULES = YES;
				CLANG_ENABLE_OBJC_ARC = YES;
				CLANG_ENABLE_OBJC_WEAK = YES;
				CLANG_WARN_BLOCK_CAPTURE_AUTORELEASING = YES;
				CLANG_WARN_BOOL_CONVERSION = YES;
				CLANG_WARN_COMMA = YES;
				CLANG_WARN_CONSTANT_CONVERSION = YES;
				CLANG_WARN_DEPRECATED_OBJC_IMPLEMENTATIONS = YES;
				CLANG_WARN_DIRECT_OBJC_ISA_USAGE = YES_ERROR;
				CLANG_WARN_DOCUMENTATION_COMMENTS = YES;
				CLANG_WARN_EMPTY_BODY = YES;
				CLANG_WARN_ENUM_CONVERSION = YES;
				CLANG_WARN_INFINITE_RECURSION = YES;
				CLANG_WARN_INT_CONVERSION = YES;
				CLANG_WARN_NON_LITERAL_NULL_CONVERSION = YES;
				CLANG_WARN_OBJC_IMPLICIT_RETAIN_SELF = YES;
				CLANG_WARN_OBJC_LITERAL_CONVERSION = YES;
				CLANG_WARN_OBJC_ROOT_CLASS = YES_ERROR;
				CLANG_WARN_QUOTED_INCLUDE_IN_FRAMEWORK_HEADER = YES;
				CLANG_WARN_RANGE_LOOP_ANALYSIS = YES;
				CLANG_WARN_STRICT_PROTOTYPES = YES;
				CLANG_WARN_SUSPICIOUS_MOVE = YES;
				CLANG_WARN_UNGUARDED_AVAILABILITY = YES_AGGRESSIVE;
				CLANG_WARN_UNREACHABLE_CODE = YES;
				CLANG_WARN__DUPLICATE_METHOD_MATCH = YES;
				COPY_PHASE_STRIP = NO;
				DEBUG_INFORMATION_FORMAT = dwarf;
				ENABLE_STRICT_OBJC_MSGSEND = YES;
				ENABLE_TESTABILITY = YES;
				GCC_C_LANGUAGE_STANDARD = gnu11;
				GCC_DYNAMIC_NO_PIC = NO;
				GCC_NO_COMMON_BLOCKS = YES;
				GCC_OPTIMIZATION_LEVEL = 0;
				GCC_PREPROCESSOR_DEFINITIONS = (
					"DEBUG=1",
					"$(inherited)",
				);
				GCC_WARN_64_TO_32_BIT_CONVERSION = YES;
				GCC_WARN_ABOUT_RETURN_TYPE = YES_ERROR;
				GCC_WARN_UNDECLARED_SELECTOR = YES;
				GCC_WARN_UNINITIALIZED_AUTOS = YES_AGGRESSIVE;
				GCC_WARN_UNUSED_FUNCTION = YES;
				GCC_WARN_UNUSED_VARIABLE = YES;
				IPHONEOS_DEPLOYMENT_TARGET = 14.5;
				MTL_ENABLE_DEBUG_INFO = INCLUDE_SOURCE;
				MTL_FAST_MATH = YES;
				ONLY_ACTIVE_ARCH = YES;
				SDKROOT = iphoneos;
				SWIFT_ACTIVE_COMPILATION_CONDITIONS = DEBUG;
				SWIFT_OPTIMIZATION_LEVEL = "-Onone";
			};
			name = Debug;
		};
		A4AA83F62691902E006609D1 /* Release */ = {
			isa = XCBuildConfiguration;
			buildSettings = {
				ALWAYS_SEARCH_USER_PATHS = NO;
				CLANG_ANALYZER_NONNULL = YES;
				CLANG_ANALYZER_NUMBER_OBJECT_CONVERSION = YES_AGGRESSIVE;
				CLANG_CXX_LANGUAGE_STANDARD = "gnu++14";
				CLANG_CXX_LIBRARY = "libc++";
				CLANG_ENABLE_MODULES = YES;
				CLANG_ENABLE_OBJC_ARC = YES;
				CLANG_ENABLE_OBJC_WEAK = YES;
				CLANG_WARN_BLOCK_CAPTURE_AUTORELEASING = YES;
				CLANG_WARN_BOOL_CONVERSION = YES;
				CLANG_WARN_COMMA = YES;
				CLANG_WARN_CONSTANT_CONVERSION = YES;
				CLANG_WARN_DEPRECATED_OBJC_IMPLEMENTATIONS = YES;
				CLANG_WARN_DIRECT_OBJC_ISA_USAGE = YES_ERROR;
				CLANG_WARN_DOCUMENTATION_COMMENTS = YES;
				CLANG_WARN_EMPTY_BODY = YES;
				CLANG_WARN_ENUM_CONVERSION = YES;
				CLANG_WARN_INFINITE_RECURSION = YES;
				CLANG_WARN_INT_CONVERSION = YES;
				CLANG_WARN_NON_LITERAL_NULL_CONVERSION = YES;
				CLANG_WARN_OBJC_IMPLICIT_RETAIN_SELF = YES;
				CLANG_WARN_OBJC_LITERAL_CONVERSION = YES;
				CLANG_WARN_OBJC_ROOT_CLASS = YES_ERROR;
				CLANG_WARN_QUOTED_INCLUDE_IN_FRAMEWORK_HEADER = YES;
				CLANG_WARN_RANGE_LOOP_ANALYSIS = YES;
				CLANG_WARN_STRICT_PROTOTYPES = YES;
				CLANG_WARN_SUSPICIOUS_MOVE = YES;
				CLANG_WARN_UNGUARDED_AVAILABILITY = YES_AGGRESSIVE;
				CLANG_WARN_UNREACHABLE_CODE = YES;
				CLANG_WARN__DUPLICATE_METHOD_MATCH = YES;
				COPY_PHASE_STRIP = NO;
				DEBUG_INFORMATION_FORMAT = "dwarf-with-dsym";
				ENABLE_NS_ASSERTIONS = NO;
				ENABLE_STRICT_OBJC_MSGSEND = YES;
				GCC_C_LANGUAGE_STANDARD = gnu11;
				GCC_NO_COMMON_BLOCKS = YES;
				GCC_WARN_64_TO_32_BIT_CONVERSION = YES;
				GCC_WARN_ABOUT_RETURN_TYPE = YES_ERROR;
				GCC_WARN_UNDECLARED_SELECTOR = YES;
				GCC_WARN_UNINITIALIZED_AUTOS = YES_AGGRESSIVE;
				GCC_WARN_UNUSED_FUNCTION = YES;
				GCC_WARN_UNUSED_VARIABLE = YES;
				IPHONEOS_DEPLOYMENT_TARGET = 14.5;
				MTL_ENABLE_DEBUG_INFO = NO;
				MTL_FAST_MATH = YES;
				SDKROOT = iphoneos;
				SWIFT_COMPILATION_MODE = wholemodule;
				SWIFT_OPTIMIZATION_LEVEL = "-O";
				VALIDATE_PRODUCT = YES;
			};
			name = Release;
		};
		A4AA83F82691902E006609D1 /* Debug */ = {
			isa = XCBuildConfiguration;
			buildSettings = {
				ASSETCATALOG_COMPILER_APPICON_NAME = AppIcon;
				ASSETCATALOG_COMPILER_GLOBAL_ACCENT_COLOR_NAME = AccentColor;
				CODE_SIGN_STYLE = Automatic;
				INFOPLIST_FILE = VideoReels/Info.plist;
				LD_RUNPATH_SEARCH_PATHS = (
					"$(inherited)",
					"@executable_path/Frameworks",
				);
				PRODUCT_BUNDLE_IDENTIFIER = com.tronplay.VideoReels;
				PRODUCT_NAME = "$(TARGET_NAME)";
				SWIFT_VERSION = 5.0;
				TARGETED_DEVICE_FAMILY = "1,2";
			};
			name = Debug;
		};
		A4AA83F92691902E006609D1 /* Release */ = {
			isa = XCBuildConfiguration;
			buildSettings = {
				ASSETCATALOG_COMPILER_APPICON_NAME = AppIcon;
				ASSETCATALOG_COMPILER_GLOBAL_ACCENT_COLOR_NAME = AccentColor;
				CODE_SIGN_STYLE = Automatic;
				INFOPLIST_FILE = VideoReels/Info.plist;
				LD_RUNPATH_SEARCH_PATHS = (
					"$(inherited)",
					"@executable_path/Frameworks",
				);
				PRODUCT_BUNDLE_IDENTIFIER = com.tronplay.VideoReels;
				PRODUCT_NAME = "$(TARGET_NAME)";
				SWIFT_VERSION = 5.0;
				TARGETED_DEVICE_FAMILY = "1,2";
			};
			name = Release;
		};
		A4AA83FB2691902E006609D1 /* Debug */ = {
			isa = XCBuildConfiguration;
			buildSettings = {
				ALWAYS_EMBED_SWIFT_STANDARD_LIBRARIES = YES;
				BUNDLE_LOADER = "$(TEST_HOST)";
				CODE_SIGN_STYLE = Automatic;
				INFOPLIST_FILE = VideoReelsTests/Info.plist;
				IPHONEOS_DEPLOYMENT_TARGET = 14.5;
				LD_RUNPATH_SEARCH_PATHS = (
					"$(inherited)",
					"@executable_path/Frameworks",
					"@loader_path/Frameworks",
				);
				PRODUCT_BUNDLE_IDENTIFIER = com.tronplay.VideoReelsTests;
				PRODUCT_NAME = "$(TARGET_NAME)";
				SWIFT_VERSION = 5.0;
				TARGETED_DEVICE_FAMILY = "1,2";
				TEST_HOST = "$(BUILT_PRODUCTS_DIR)/VideoReels.app/VideoReels";
			};
			name = Debug;
		};
		A4AA83FC2691902E006609D1 /* Release */ = {
			isa = XCBuildConfiguration;
			buildSettings = {
				ALWAYS_EMBED_SWIFT_STANDARD_LIBRARIES = YES;
				BUNDLE_LOADER = "$(TEST_HOST)";
				CODE_SIGN_STYLE = Automatic;
				INFOPLIST_FILE = VideoReelsTests/Info.plist;
				IPHONEOS_DEPLOYMENT_TARGET = 14.5;
				LD_RUNPATH_SEARCH_PATHS = (
					"$(inherited)",
					"@executable_path/Frameworks",
					"@loader_path/Frameworks",
				);
				PRODUCT_BUNDLE_IDENTIFIER = com.tronplay.VideoReelsTests;
				PRODUCT_NAME = "$(TARGET_NAME)";
				SWIFT_VERSION = 5.0;
				TARGETED_DEVICE_FAMILY = "1,2";
				TEST_HOST = "$(BUILT_PRODUCTS_DIR)/VideoReels.app/VideoReels";
			};
			name = Release;
		};
		A4AA83FE2691902E006609D1 /* Debug */ = {
			isa = XCBuildConfiguration;
			buildSettings = {
				ALWAYS_EMBED_SWIFT_STANDARD_LIBRARIES = YES;
				CODE_SIGN_STYLE = Automatic;
				INFOPLIST_FILE = VideoReelsUITests/Info.plist;
				LD_RUNPATH_SEARCH_PATHS = (
					"$(inherited)",
					"@executable_path/Frameworks",
					"@loader_path/Frameworks",
				);
				PRODUCT_BUNDLE_IDENTIFIER = com.tronplay.VideoReelsUITests;
				PRODUCT_NAME = "$(TARGET_NAME)";
				SWIFT_VERSION = 5.0;
				TARGETED_DEVICE_FAMILY = "1,2";
				TEST_TARGET_NAME = VideoReels;
			};
			name = Debug;
		};
		A4AA83FF2691902E006609D1 /* Release */ = {
			isa = XCBuildConfiguration;
			buildSettings = {
				ALWAYS_EMBED_SWIFT_STANDARD_LIBRARIES = YES;
				CODE_SIGN_STYLE = Automatic;
				INFOPLIST_FILE = VideoReelsUITests/Info.plist;
				LD_RUNPATH_SEARCH_PATHS = (
					"$(inherited)",
					"@executable_path/Frameworks",
					"@loader_path/Frameworks",
				);
				PRODUCT_BUNDLE_IDENTIFIER = com.tronplay.VideoReelsUITests;
				PRODUCT_NAME = "$(TARGET_NAME)";
				SWIFT_VERSION = 5.0;
				TARGETED_DEVICE_FAMILY = "1,2";
				TEST_TARGET_NAME = VideoReels;
			};
			name = Release;
		};
/* End XCBuildConfiguration section */

/* Begin XCConfigurationList section */
		A4AA83C82691902B006609D1 /* Build configuration list for PBXProject "VideoReels" */ = {
			isa = XCConfigurationList;
			buildConfigurations = (
				A4AA83F52691902E006609D1 /* Debug */,
				A4AA83F62691902E006609D1 /* Release */,
			);
			defaultConfigurationIsVisible = 0;
			defaultConfigurationName = Release;
		};
		A4AA83F72691902E006609D1 /* Build configuration list for PBXNativeTarget "VideoReels" */ = {
			isa = XCConfigurationList;
			buildConfigurations = (
				A4AA83F82691902E006609D1 /* Debug */,
				A4AA83F92691902E006609D1 /* Release */,
			);
			defaultConfigurationIsVisible = 0;
			defaultConfigurationName = Release;
		};
		A4AA83FA2691902E006609D1 /* Build configuration list for PBXNativeTarget "VideoReelsTests" */ = {
			isa = XCConfigurationList;
			buildConfigurations = (
				A4AA83FB2691902E006609D1 /* Debug */,
				A4AA83FC2691902E006609D1 /* Release */,
			);
			defaultConfigurationIsVisible = 0;
			defaultConfigurationName = Release;
		};
		A4AA83FD2691902E006609D1 /* Build configuration list for PBXNativeTarget "VideoReelsUITests" */ = {
			isa = XCConfigurationList;
			buildConfigurations = (
				A4AA83FE2691902E006609D1 /* Debug */,
				A4AA83FF2691902E006609D1 /* Release */,
			);
			defaultConfigurationIsVisible = 0;
			defaultConfigurationName = Release;
		};
/* End XCConfigurationList section */
	};
	rootObject = A4AA83C52691902B006609D1 /* Project object */;
}
